
Microsoft Visual Studio Solution File, Format Version 12.00
# Visual Studio Version 17
VisualStudioVersion = 17.11.35312.102
MinimumVisualStudioVersion = 10.0.40219.1
Project("{9A19103F-16F7-4668-BE54-9A1E7A4F7556}") = "InteractionsMicroservice", "InteractionsMicroservice.csproj", "{C2B45005-3251-4B5C-8334-35F5E07D87D2}"
EndProject
Project("{9A19103F-16F7-4668-BE54-9A1E7A4F7556}") = "TestsInteractionsMicroservice", "..\TestsInteractionsMicroservice\TestsInteractionsMicroservice.csproj", "{455121AC-25E6-4F9D-930E-0BFDE5F68390}"
EndProject
Global
	GlobalSection(SolutionConfigurationPlatforms) = preSolution
		Debug|Any CPU = Debug|Any CPU
		Release|Any CPU = Release|Any CPU
	EndGlobalSection
	GlobalSection(ProjectConfigurationPlatforms) = postSolution
		{C2B45005-3251-4B5C-8334-35F5E07D87D2}.Debug|Any CPU.ActiveCfg = Debug|Any CPU
		{C2B45005-3251-4B5C-8334-35F5E07D87D2}.Debug|Any CPU.Build.0 = Debug|Any CPU
		{C2B45005-3251-4B5C-8334-35F5E07D87D2}.Release|Any CPU.ActiveCfg = Release|Any CPU
		{C2B45005-3251-4B5C-8334-35F5E07D87D2}.Release|Any CPU.Build.0 = Release|Any CPU
		{455121AC-25E6-4F9D-930E-0BFDE5F68390}.Debug|Any CPU.ActiveCfg = Debug|Any CPU
		{455121AC-25E6-4F9D-930E-0BFDE5F68390}.Debug|Any CPU.Build.0 = Debug|Any CPU
		{455121AC-25E6-4F9D-930E-0BFDE5F68390}.Release|Any CPU.ActiveCfg = Release|Any CPU
		{455121AC-25E6-4F9D-930E-0BFDE5F68390}.Release|Any CPU.Build.0 = Release|Any CPU
	EndGlobalSection
	GlobalSection(SolutionProperties) = preSolution
		HideSolutionNode = FALSE
	EndGlobalSection
	GlobalSection(ExtensibilityGlobals) = postSolution
		SolutionGuid = {638E227B-1B30-4C31-97E2-91FA1C5B6BCB}
	EndGlobalSection
EndGlobal
