
Microsoft Visual Studio Solution File, Format Version 12.00
# Visual Studio Version 17
VisualStudioVersion = 17.11.35312.102
MinimumVisualStudioVersion = 10.0.40219.1
Project("{9A19103F-16F7-4668-BE54-9A1E7A4F7556}") = "UsersMicroservice", "UsersMicroservice.csproj", "{C1EDBCD2-F664-49A9-89E0-6C318E62FDC7}"
EndProject
Project("{9A19103F-16F7-4668-BE54-9A1E7A4F7556}") = "TestsUsersMicroservice", "..\TestsUsersMicroservice\TestsUsersMicroservice.csproj", "{89535577-CB61-4C29-913F-25A4A263B8D4}"
EndProject
Global
	GlobalSection(SolutionConfigurationPlatforms) = preSolution
		Debug|Any CPU = Debug|Any CPU
		Release|Any CPU = Release|Any CPU
	EndGlobalSection
	GlobalSection(ProjectConfigurationPlatforms) = postSolution
		{C1EDBCD2-F664-49A9-89E0-6C318E62FDC7}.Debug|Any CPU.ActiveCfg = Debug|Any CPU
		{C1EDBCD2-F664-49A9-89E0-6C318E62FDC7}.Debug|Any CPU.Build.0 = Debug|Any CPU
		{C1EDBCD2-F664-49A9-89E0-6C318E62FDC7}.Release|Any CPU.ActiveCfg = Release|Any CPU
		{C1EDBCD2-F664-49A9-89E0-6C318E62FDC7}.Release|Any CPU.Build.0 = Release|Any CPU
		{89535577-CB61-4C29-913F-25A4A263B8D4}.Debug|Any CPU.ActiveCfg = Debug|Any CPU
		{89535577-CB61-4C29-913F-25A4A263B8D4}.Debug|Any CPU.Build.0 = Debug|Any CPU
		{89535577-CB61-4C29-913F-25A4A263B8D4}.Release|Any CPU.ActiveCfg = Release|Any CPU
		{89535577-CB61-4C29-913F-25A4A263B8D4}.Release|Any CPU.Build.0 = Release|Any CPU
	EndGlobalSection
	GlobalSection(SolutionProperties) = preSolution
		HideSolutionNode = FALSE
	EndGlobalSection
	GlobalSection(ExtensibilityGlobals) = postSolution
		SolutionGuid = {638E227B-1B30-4C31-97E2-91FA1C5B6BCB}
	EndGlobalSection
EndGlobal
