
Microsoft Visual Studio Solution File, Format Version 12.00
# Visual Studio Version 17
VisualStudioVersion = 17.11.35312.102
MinimumVisualStudioVersion = 10.0.40219.1
Project("{9A19103F-16F7-4668-BE54-9A1E7A4F7556}") = "AvatarsMicroservice", "AvatarsMicroservice.csproj", "{BD451052-7E46-468A-ABA6-FD1460BEAF2B}"
EndProject
Project("{9A19103F-16F7-4668-BE54-9A1E7A4F7556}") = "TestsAvatarsMicroservice", "..\TestsAvatarsMicroservice\TestsAvatarsMicroservice.csproj", "{3AF39DC7-59EB-4C19-A846-3A63350E423A}"
EndProject
Global
	GlobalSection(SolutionConfigurationPlatforms) = preSolution
		Debug|Any CPU = Debug|Any CPU
		Release|Any CPU = Release|Any CPU
	EndGlobalSection
	GlobalSection(ProjectConfigurationPlatforms) = postSolution
		{BD451052-7E46-468A-ABA6-FD1460BEAF2B}.Debug|Any CPU.ActiveCfg = Debug|Any CPU
		{BD451052-7E46-468A-ABA6-FD1460BEAF2B}.Debug|Any CPU.Build.0 = Debug|Any CPU
		{BD451052-7E46-468A-ABA6-FD1460BEAF2B}.Release|Any CPU.ActiveCfg = Release|Any CPU
		{BD451052-7E46-468A-ABA6-FD1460BEAF2B}.Release|Any CPU.Build.0 = Release|Any CPU
		{3AF39DC7-59EB-4C19-A846-3A63350E423A}.Debug|Any CPU.ActiveCfg = Debug|Any CPU
		{3AF39DC7-59EB-4C19-A846-3A63350E423A}.Debug|Any CPU.Build.0 = Debug|Any CPU
		{3AF39DC7-59EB-4C19-A846-3A63350E423A}.Release|Any CPU.ActiveCfg = Release|Any CPU
		{3AF39DC7-59EB-4C19-A846-3A63350E423A}.Release|Any CPU.Build.0 = Release|Any CPU
	EndGlobalSection
	GlobalSection(SolutionProperties) = preSolution
		HideSolutionNode = FALSE
	EndGlobalSection
	GlobalSection(ExtensibilityGlobals) = postSolution
		SolutionGuid = {638E227B-1B30-4C31-97E2-91FA1C5B6BCB}
	EndGlobalSection
EndGlobal
