
Microsoft Visual Studio Solution File, Format Version 12.00
# Visual Studio Version 17
VisualStudioVersion = 17.11.35312.102
MinimumVisualStudioVersion = 10.0.40219.1
Project("{9A19103F-16F7-4668-BE54-9A1E7A4F7556}") = "ActivitiesMicroservice", "ActivitiesMicroservice.csproj", "{6CB8B2AF-688B-4029-A53C-5D53D54EF1CE}"
EndProject
Project("{9A19103F-16F7-4668-BE54-9A1E7A4F7556}") = "TestsActivitiesMicroservice", "..\TestsActivitiesMicroservice\TestsActivitiesMicroservice.csproj", "{5AFA8DFC-D60C-4B41-B653-23AE636D3C36}"
EndProject
Global
	GlobalSection(SolutionConfigurationPlatforms) = preSolution
		Debug|Any CPU = Debug|Any CPU
		Release|Any CPU = Release|Any CPU
	EndGlobalSection
	GlobalSection(ProjectConfigurationPlatforms) = postSolution
		{6CB8B2AF-688B-4029-A53C-5D53D54EF1CE}.Debug|Any CPU.ActiveCfg = Debug|Any CPU
		{6CB8B2AF-688B-4029-A53C-5D53D54EF1CE}.Debug|Any CPU.Build.0 = Debug|Any CPU
		{6CB8B2AF-688B-4029-A53C-5D53D54EF1CE}.Release|Any CPU.ActiveCfg = Release|Any CPU
		{6CB8B2AF-688B-4029-A53C-5D53D54EF1CE}.Release|Any CPU.Build.0 = Release|Any CPU
		{5AFA8DFC-D60C-4B41-B653-23AE636D3C36}.Debug|Any CPU.ActiveCfg = Debug|Any CPU
		{5AFA8DFC-D60C-4B41-B653-23AE636D3C36}.Debug|Any CPU.Build.0 = Debug|Any CPU
		{5AFA8DFC-D60C-4B41-B653-23AE636D3C36}.Release|Any CPU.ActiveCfg = Release|Any CPU
		{5AFA8DFC-D60C-4B41-B653-23AE636D3C36}.Release|Any CPU.Build.0 = Release|Any CPU
	EndGlobalSection
	GlobalSection(SolutionProperties) = preSolution
		HideSolutionNode = FALSE
	EndGlobalSection
	GlobalSection(ExtensibilityGlobals) = postSolution
		SolutionGuid = {638E227B-1B30-4C31-97E2-91FA1C5B6BCB}
	EndGlobalSection
EndGlobal
