
Microsoft Visual Studio Solution File, Format Version 12.00
# Visual Studio Version 17
VisualStudioVersion = 17.11.35312.102
MinimumVisualStudioVersion = 10.0.40219.1
Project("{9A19103F-16F7-4668-BE54-9A1E7A4F7556}") = "VirtualGirlfriendFrontend", "VirtualGirlfriendFrontend.csproj", "{CB28B81A-2792-4373-A344-562711EF2837}"
EndProject
Global
	GlobalSection(SolutionConfigurationPlatforms) = preSolution
		Debug|Any CPU = Debug|Any CPU
		Release|Any CPU = Release|Any CPU
	EndGlobalSection
	GlobalSection(ProjectConfigurationPlatforms) = postSolution
		{CB28B81A-2792-4373-A344-562711EF2837}.Debug|Any CPU.ActiveCfg = Debug|Any CPU
		{CB28B81A-2792-4373-A344-562711EF2837}.Debug|Any CPU.Build.0 = Debug|Any CPU
		{CB28B81A-2792-4373-A344-562711EF2837}.Release|Any CPU.ActiveCfg = Release|Any CPU
		{CB28B81A-2792-4373-A344-562711EF2837}.Release|Any CPU.Build.0 = Release|Any CPU
	EndGlobalSection
	GlobalSection(SolutionProperties) = preSolution
		HideSolutionNode = FALSE
	EndGlobalSection
	GlobalSection(ExtensibilityGlobals) = postSolution
		SolutionGuid = {CCBF014B-6BE6-4244-BCDD-97A0BBE6AFF0}
	EndGlobalSection
EndGlobal
